
Microsoft Visual Studio Solution File, Format Version 12.00
# Visual Studio Version 17
VisualStudioVersion = 17.4.33006.217
MinimumVisualStudioVersion = 10.0.40219.1
Project("{FAE04EC0-301F-11D3-BF4B-00C04F79EFBC}") = "BrokenGrenade", "BrokenGrenade\BrokenGrenade.csproj", "{AD3B83CD-F37B-409E-B192-8A20EF6C8604}"
EndProject
Global
	GlobalSection(SolutionConfigurationPlatforms) = preSolution
		Debug|Any CPU = Debug|Any CPU
		Release|Any CPU = Release|Any CPU
	EndGlobalSection
	GlobalSection(ProjectConfigurationPlatforms) = postSolution
		{AD3B83CD-F37B-409E-B192-8A20EF6C8604}.Debug|Any CPU.ActiveCfg = Debug|Any CPU
		{AD3B83CD-F37B-409E-B192-8A20EF6C8604}.Debug|Any CPU.Build.0 = Debug|Any CPU
		{AD3B83CD-F37B-409E-B192-8A20EF6C8604}.Release|Any CPU.ActiveCfg = Release|Any CPU
		{AD3B83CD-F37B-409E-B192-8A20EF6C8604}.Release|Any CPU.Build.0 = Release|Any CPU
	EndGlobalSection
	GlobalSection(SolutionProperties) = preSolution
		HideSolutionNode = FALSE
	EndGlobalSection
	GlobalSection(ExtensibilityGlobals) = postSolution
		SolutionGuid = {2EE22D92-E007-4813-A931-F1ACB9C4C25D}
	EndGlobalSection
EndGlobal
